
Microsoft Visual Studio Solution File, Format Version 12.00
# Visual Studio Version 17
VisualStudioVersion = 17.9.34723.18
MinimumVisualStudioVersion = 10.0.40219.1
Project("{FAE04EC0-301F-11D3-BF4B-00C04F79EFBC}") = "Unidad_1", "Unidad_1.csproj", "{BD1ECDD0-56EB-43E4-964F-7EE717547AC4}"
EndProject
Global
	GlobalSection(SolutionConfigurationPlatforms) = preSolution
		Debug|Any CPU = Debug|Any CPU
		Release|Any CPU = Release|Any CPU
	EndGlobalSection
	GlobalSection(ProjectConfigurationPlatforms) = postSolution
		{BD1ECDD0-56EB-43E4-964F-7EE717547AC4}.Debug|Any CPU.ActiveCfg = Debug|Any CPU
		{BD1ECDD0-56EB-43E4-964F-7EE717547AC4}.Debug|Any CPU.Build.0 = Debug|Any CPU
		{BD1ECDD0-56EB-43E4-964F-7EE717547AC4}.Release|Any CPU.ActiveCfg = Release|Any CPU
		{BD1ECDD0-56EB-43E4-964F-7EE717547AC4}.Release|Any CPU.Build.0 = Release|Any CPU
	EndGlobalSection
	GlobalSection(SolutionProperties) = preSolution
		HideSolutionNode = FALSE
	EndGlobalSection
	GlobalSection(ExtensibilityGlobals) = postSolution
		SolutionGuid = {088862C9-B64C-4F70-AAA9-4DA938C6C59D}
	EndGlobalSection
EndGlobal
